
Microsoft Visual Studio Solution File, Format Version 12.00
# Visual Studio Version 17
VisualStudioVersion = 17.2.32616.157
MinimumVisualStudioVersion = 10.0.40219.1
Project("{FAE04EC0-301F-11D3-BF4B-00C04F79EFBC}") = "HashTableDemo", "HashTableDemo\HashTableDemo.csproj", "{A0E19CFC-0CAB-44C1-A3F4-69113A77B139}"
EndProject
Global
	GlobalSection(SolutionConfigurationPlatforms) = preSolution
		Debug|Any CPU = Debug|Any CPU
		Release|Any CPU = Release|Any CPU
	EndGlobalSection
	GlobalSection(ProjectConfigurationPlatforms) = postSolution
		{A0E19CFC-0CAB-44C1-A3F4-69113A77B139}.Debug|Any CPU.ActiveCfg = Debug|Any CPU
		{A0E19CFC-0CAB-44C1-A3F4-69113A77B139}.Debug|Any CPU.Build.0 = Debug|Any CPU
		{A0E19CFC-0CAB-44C1-A3F4-69113A77B139}.Release|Any CPU.ActiveCfg = Release|Any CPU
		{A0E19CFC-0CAB-44C1-A3F4-69113A77B139}.Release|Any CPU.Build.0 = Release|Any CPU
	EndGlobalSection
	GlobalSection(SolutionProperties) = preSolution
		HideSolutionNode = FALSE
	EndGlobalSection
	GlobalSection(ExtensibilityGlobals) = postSolution
		SolutionGuid = {D303F0D2-E6F8-4732-82A6-BAFF0AD83E84}
	EndGlobalSection
EndGlobal
